{
  "name": "shared-docs",
  "lockfileVersion": 3,
  "requires": true,
  "packages": {
    "": {
      "name": "shared-docs",
      "devDependencies": {
        "lucide-static": "1.48.0",
        "vditor": "4.0.0"
      }
    },
    "node_modules/diff-match-patch": {
      "version": "1.0.5",
      "resolved": "https://registry.npmjs.org/diff-match-patch/-/diff-match-patch-1.0.5.tgz",
      "integrity": "sha512-IayShXAgj/QMXgB0IWmKx+rOPuGMhqm5w6jvFxmVenXKIzRqTAAsbBPT3kWQeGANj3jGgvcvv4yK6SxqYmikgw==",
      "dev": true,
      "license": "Apache-2.0"
    },
    "node_modules/lucide-static": {
      "version": "1.48.0",
      "resolved": "https://registry.npmjs.org/lucide-static/-/lucide-static-1.48.0.tgz",
      "integrity": "sha512-ZUGgZ4rzlLfVbhN2Zi37TMrTaSpXAbWx6Y/xZxKSDLPiqxtTK7Mw2M+oBJa0gjV8p3+CWBHh48u+IC9+jKlUjA==",
      "dev": true,
      "license": "ISC"
    },
    "node_modules/vditor": {
      "version": "4.0.0",
      "resolved": "https://registry.npmjs.org/vditor/-/vditor-4.0.0.tgz",
      "integrity": "sha512-JUeSmmNNxXaq4j29F6OZ/vLgyM/Wt/SpSK4o/gyrc02uTsS+iTeC0ofajxbW29WSJ4LFMec4nrywVul51PrLvg==",
      "dev": true,
      "license": "MIT",
      "dependencies": {
        "diff-match-patch": "^1.0.5"
      },
      "funding": {
        "url": "https://ld246.com/sponsor"
      }
    }
  }
}
